// !$*UTF8*$!
{
	archiveVersion = 1;
	classes = {
	};
	objectVersion = 55;
	objects = {

/* Begin PBXBuildFile section */
		5C2554B546FB19AC35107B1E /* Pods_GuesTheNumber.framework in Frameworks */ = {isa = PBXBuildFile; fileRef = 72ACA971485B64C01FA27650 /* Pods_GuesTheNumber.framework */; };
		A96FB82E292BD48B00874099 /* AppDelegate.swift in Sources */ = {isa = PBXBuildFile; fileRef = A96FB82D292BD48B00874099 /* AppDelegate.swift */; };
		A96FB830292BD48B00874099 /* SceneDelegate.swift in Sources */ = {isa = PBXBuildFile; fileRef = A96FB82F292BD48B00874099 /* SceneDelegate.swift */; };
		A96FB837292BD48E00874099 /* Assets.xcassets in Resources */ = {isa = PBXBuildFile; fileRef = A96FB836292BD48E00874099 /* Assets.xcassets */; };
		A96FB83A292BD48E00874099 /* LaunchScreen.storyboard in Resources */ = {isa = PBXBuildFile; fileRef = A96FB838292BD48E00874099 /* LaunchScreen.storyboard */; };
		A96FB843292BD5DD00874099 /* MainScreenViewController.swift in Sources */ = {isa = PBXBuildFile; fileRef = A96FB842292BD5DD00874099 /* MainScreenViewController.swift */; };
		A96FB846292BD5FD00874099 /* MainScreenView.swift in Sources */ = {isa = PBXBuildFile; fileRef = A96FB845292BD5FD00874099 /* MainScreenView.swift */; };
		A96FB848292BD61D00874099 /* MainScreenPresenter.swift in Sources */ = {isa = PBXBuildFile; fileRef = A96FB847292BD61D00874099 /* MainScreenPresenter.swift */; };
		A96FB84C292BDF4000874099 /* MainModels.swift in Sources */ = {isa = PBXBuildFile; fileRef = A96FB84B292BDF4000874099 /* MainModels.swift */; };
		A96FB84E292BE87900874099 /* MainScreenBuilder.swift in Sources */ = {isa = PBXBuildFile; fileRef = A96FB84D292BE87900874099 /* MainScreenBuilder.swift */; };
		A96FB850292BED9500874099 /* MainCoordinator.swift in Sources */ = {isa = PBXBuildFile; fileRef = A96FB84F292BED9500874099 /* MainCoordinator.swift */; };
		A96FB853292BEEDE00874099 /* EnterNumberViewController.swift in Sources */ = {isa = PBXBuildFile; fileRef = A96FB852292BEEDE00874099 /* EnterNumberViewController.swift */; };
		A96FB856292BFC6700874099 /* EnterNumberView.swift in Sources */ = {isa = PBXBuildFile; fileRef = A96FB855292BFC6700874099 /* EnterNumberView.swift */; };
		A96FB858292BFF8200874099 /* EnterNumbersModels.swift in Sources */ = {isa = PBXBuildFile; fileRef = A96FB857292BFF8200874099 /* EnterNumbersModels.swift */; };
		A96FB85A292C008D00874099 /* EnterNumberPresenter.swift in Sources */ = {isa = PBXBuildFile; fileRef = A96FB859292C008D00874099 /* EnterNumberPresenter.swift */; };
		A96FB85C292C01BF00874099 /* EnterNumberBuilder.swift in Sources */ = {isa = PBXBuildFile; fileRef = A96FB85B292C01BF00874099 /* EnterNumberBuilder.swift */; };
		A96FB860292CCABA00874099 /* ComputerIsGuessingViewController.swift in Sources */ = {isa = PBXBuildFile; fileRef = A96FB85F292CCABA00874099 /* ComputerIsGuessingViewController.swift */; };
		A96FB862292CE55100874099 /* ComputerIsGuessigView.swift in Sources */ = {isa = PBXBuildFile; fileRef = A96FB861292CE55100874099 /* ComputerIsGuessigView.swift */; };
/* End PBXBuildFile section */

/* Begin PBXFileReference section */
		467021E5AD885AFB71CA3BE6 /* Pods-GuesTheNumber.release.xcconfig */ = {isa = PBXFileReference; includeInIndex = 1; lastKnownFileType = text.xcconfig; name = "Pods-GuesTheNumber.release.xcconfig"; path = "Target Support Files/Pods-GuesTheNumber/Pods-GuesTheNumber.release.xcconfig"; sourceTree = "<group>"; };
		72ACA971485B64C01FA27650 /* Pods_GuesTheNumber.framework */ = {isa = PBXFileReference; explicitFileType = wrapper.framework; includeInIndex = 0; path = Pods_GuesTheNumber.framework; sourceTree = BUILT_PRODUCTS_DIR; };
		A96FB82A292BD48B00874099 /* GuesTheNumber.app */ = {isa = PBXFileReference; explicitFileType = wrapper.application; includeInIndex = 0; path = GuesTheNumber.app; sourceTree = BUILT_PRODUCTS_DIR; };
		A96FB82D292BD48B00874099 /* AppDelegate.swift */ = {isa = PBXFileReference; lastKnownFileType = sourcecode.swift; path = AppDelegate.swift; sourceTree = "<group>"; };
		A96FB82F292BD48B00874099 /* SceneDelegate.swift */ = {isa = PBXFileReference; lastKnownFileType = sourcecode.swift; path = SceneDelegate.swift; sourceTree = "<group>"; };
		A96FB836292BD48E00874099 /* Assets.xcassets */ = {isa = PBXFileReference; lastKnownFileType = folder.assetcatalog; path = Assets.xcassets; sourceTree = "<group>"; };
		A96FB839292BD48E00874099 /* Base */ = {isa = PBXFileReference; lastKnownFileType = file.storyboard; name = Base; path = Base.lproj/LaunchScreen.storyboard; sourceTree = "<group>"; };
		A96FB83B292BD48E00874099 /* Info.plist */ = {isa = PBXFileReference; lastKnownFileType = text.plist.xml; path = Info.plist; sourceTree = "<group>"; };
		A96FB842292BD5DD00874099 /* MainScreenViewController.swift */ = {isa = PBXFileReference; lastKnownFileType = sourcecode.swift; path = MainScreenViewController.swift; sourceTree = "<group>"; };
		A96FB845292BD5FD00874099 /* MainScreenView.swift */ = {isa = PBXFileReference; lastKnownFileType = sourcecode.swift; path = MainScreenView.swift; sourceTree = "<group>"; };
		A96FB847292BD61D00874099 /* MainScreenPresenter.swift */ = {isa = PBXFileReference; lastKnownFileType = sourcecode.swift; path = MainScreenPresenter.swift; sourceTree = "<group>"; };
		A96FB84B292BDF4000874099 /* MainModels.swift */ = {isa = PBXFileReference; lastKnownFileType = sourcecode.swift; path = MainModels.swift; sourceTree = "<group>"; };
		A96FB84D292BE87900874099 /* MainScreenBuilder.swift */ = {isa = PBXFileReference; lastKnownFileType = sourcecode.swift; path = MainScreenBuilder.swift; sourceTree = "<group>"; };
		A96FB84F292BED9500874099 /* MainCoordinator.swift */ = {isa = PBXFileReference; lastKnownFileType = sourcecode.swift; path = MainCoordinator.swift; sourceTree = "<group>"; };
		A96FB852292BEEDE00874099 /* EnterNumberViewController.swift */ = {isa = PBXFileReference; lastKnownFileType = sourcecode.swift; path = EnterNumberViewController.swift; sourceTree = "<group>"; };
		A96FB855292BFC6700874099 /* EnterNumberView.swift */ = {isa = PBXFileReference; lastKnownFileType = sourcecode.swift; path = EnterNumberView.swift; sourceTree = "<group>"; };
		A96FB857292BFF8200874099 /* EnterNumbersModels.swift */ = {isa = PBXFileReference; lastKnownFileType = sourcecode.swift; path = EnterNumbersModels.swift; sourceTree = "<group>"; };
		A96FB859292C008D00874099 /* EnterNumberPresenter.swift */ = {isa = PBXFileReference; lastKnownFileType = sourcecode.swift; path = EnterNumberPresenter.swift; sourceTree = "<group>"; };
		A96FB85B292C01BF00874099 /* EnterNumberBuilder.swift */ = {isa = PBXFileReference; lastKnownFileType = sourcecode.swift; path = EnterNumberBuilder.swift; sourceTree = "<group>"; };
		A96FB85F292CCABA00874099 /* ComputerIsGuessingViewController.swift */ = {isa = PBXFileReference; lastKnownFileType = sourcecode.swift; path = ComputerIsGuessingViewController.swift; sourceTree = "<group>"; };
		A96FB861292CE55100874099 /* ComputerIsGuessigView.swift */ = {isa = PBXFileReference; lastKnownFileType = sourcecode.swift; path = ComputerIsGuessigView.swift; sourceTree = "<group>"; };
		F48F5C9C82561A48A05CCB04 /* Pods-GuesTheNumber.debug.xcconfig */ = {isa = PBXFileReference; includeInIndex = 1; lastKnownFileType = text.xcconfig; name = "Pods-GuesTheNumber.debug.xcconfig"; path = "Target Support Files/Pods-GuesTheNumber/Pods-GuesTheNumber.debug.xcconfig"; sourceTree = "<group>"; };
/* End PBXFileReference section */

/* Begin PBXFrameworksBuildPhase section */
		A96FB827292BD48B00874099 /* Frameworks */ = {
			isa = PBXFrameworksBuildPhase;
			buildActionMask = 2147483647;
			files = (
				5C2554B546FB19AC35107B1E /* Pods_GuesTheNumber.framework in Frameworks */,
			);
			runOnlyForDeploymentPostprocessing = 0;
		};
/* End PBXFrameworksBuildPhase section */

/* Begin PBXGroup section */
		3D8F2E506584FEF5AB7A9E71 /* Frameworks */ = {
			isa = PBXGroup;
			children = (
				72ACA971485B64C01FA27650 /* Pods_GuesTheNumber.framework */,
			);
			name = Frameworks;
			sourceTree = "<group>";
		};
		A96FB821292BD48B00874099 = {
			isa = PBXGroup;
			children = (
				A96FB82C292BD48B00874099 /* GuesTheNumber */,
				A96FB82B292BD48B00874099 /* Products */,
				B06FE8C48383913B5F583835 /* Pods */,
				3D8F2E506584FEF5AB7A9E71 /* Frameworks */,
			);
			sourceTree = "<group>";
		};
		A96FB82B292BD48B00874099 /* Products */ = {
			isa = PBXGroup;
			children = (
				A96FB82A292BD48B00874099 /* GuesTheNumber.app */,
			);
			name = Products;
			sourceTree = "<group>";
		};
		A96FB82C292BD48B00874099 /* GuesTheNumber */ = {
			isa = PBXGroup;
			children = (
				A96FB84F292BED9500874099 /* MainCoordinator.swift */,
				A96FB85D292CCA7900874099 /* ComputerIsGuessingScreen */,
				A96FB851292BEEA400874099 /* EnterNumberScreen */,
				A96FB841292BD5B700874099 /* MainScreen */,
				A96FB82D292BD48B00874099 /* AppDelegate.swift */,
				A96FB82F292BD48B00874099 /* SceneDelegate.swift */,
				A96FB836292BD48E00874099 /* Assets.xcassets */,
				A96FB838292BD48E00874099 /* LaunchScreen.storyboard */,
				A96FB83B292BD48E00874099 /* Info.plist */,
			);
			path = GuesTheNumber;
			sourceTree = "<group>";
		};
		A96FB841292BD5B700874099 /* MainScreen */ = {
			isa = PBXGroup;
			children = (
				A96FB844292BD5E100874099 /* View */,
				A96FB847292BD61D00874099 /* MainScreenPresenter.swift */,
				A96FB84B292BDF4000874099 /* MainModels.swift */,
				A96FB84D292BE87900874099 /* MainScreenBuilder.swift */,
			);
			path = MainScreen;
			sourceTree = "<group>";
		};
		A96FB844292BD5E100874099 /* View */ = {
			isa = PBXGroup;
			children = (
				A96FB842292BD5DD00874099 /* MainScreenViewController.swift */,
				A96FB845292BD5FD00874099 /* MainScreenView.swift */,
			);
			path = View;
			sourceTree = "<group>";
		};
		A96FB851292BEEA400874099 /* EnterNumberScreen */ = {
			isa = PBXGroup;
			children = (
				A96FB854292BFC4600874099 /* View */,
				A96FB857292BFF8200874099 /* EnterNumbersModels.swift */,
				A96FB859292C008D00874099 /* EnterNumberPresenter.swift */,
				A96FB85B292C01BF00874099 /* EnterNumberBuilder.swift */,
			);
			path = EnterNumberScreen;
			sourceTree = "<group>";
		};
		A96FB854292BFC4600874099 /* View */ = {
			isa = PBXGroup;
			children = (
				A96FB852292BEEDE00874099 /* EnterNumberViewController.swift */,
				A96FB855292BFC6700874099 /* EnterNumberView.swift */,
			);
			path = View;
			sourceTree = "<group>";
		};
		A96FB85D292CCA7900874099 /* ComputerIsGuessingScreen */ = {
			isa = PBXGroup;
			children = (
				A96FB85E292CCA9D00874099 /* View */,
			);
			path = ComputerIsGuessingScreen;
			sourceTree = "<group>";
		};
		A96FB85E292CCA9D00874099 /* View */ = {
			isa = PBXGroup;
			children = (
				A96FB85F292CCABA00874099 /* ComputerIsGuessingViewController.swift */,
				A96FB861292CE55100874099 /* ComputerIsGuessigView.swift */,
			);
			path = View;
			sourceTree = "<group>";
		};
		B06FE8C48383913B5F583835 /* Pods */ = {
			isa = PBXGroup;
			children = (
				F48F5C9C82561A48A05CCB04 /* Pods-GuesTheNumber.debug.xcconfig */,
				467021E5AD885AFB71CA3BE6 /* Pods-GuesTheNumber.release.xcconfig */,
			);
			path = Pods;
			sourceTree = "<group>";
		};
/* End PBXGroup section */

/* Begin PBXNativeTarget section */
		A96FB829292BD48B00874099 /* GuesTheNumber */ = {
			isa = PBXNativeTarget;
			buildConfigurationList = A96FB83E292BD48E00874099 /* Build configuration list for PBXNativeTarget "GuesTheNumber" */;
			buildPhases = (
				A9CE13F856437F489BB8B6E1 /* [CP] Check Pods Manifest.lock */,
				A96FB826292BD48B00874099 /* Sources */,
				A96FB827292BD48B00874099 /* Frameworks */,
				A96FB828292BD48B00874099 /* Resources */,
				3D084C6D710BC0835CD9F723 /* [CP] Embed Pods Frameworks */,
			);
			buildRules = (
			);
			dependencies = (
			);
			name = GuesTheNumber;
			productName = GuesTheNumber;
			productReference = A96FB82A292BD48B00874099 /* GuesTheNumber.app */;
			productType = "com.apple.product-type.application";
		};
/* End PBXNativeTarget section */

/* Begin PBXProject section */
		A96FB822292BD48B00874099 /* Project object */ = {
			isa = PBXProject;
			attributes = {
				BuildIndependentTargetsInParallel = 1;
				LastSwiftUpdateCheck = 1340;
				LastUpgradeCheck = 1340;
				TargetAttributes = {
					A96FB829292BD48B00874099 = {
						CreatedOnToolsVersion = 13.4.1;
					};
				};
			};
			buildConfigurationList = A96FB825292BD48B00874099 /* Build configuration list for PBXProject "GuesTheNumber" */;
			compatibilityVersion = "Xcode 13.0";
			developmentRegion = en;
			hasScannedForEncodings = 0;
			knownRegions = (
				en,
				Base,
			);
			mainGroup = A96FB821292BD48B00874099;
			productRefGroup = A96FB82B292BD48B00874099 /* Products */;
			projectDirPath = "";
			projectRoot = "";
			targets = (
				A96FB829292BD48B00874099 /* GuesTheNumber */,
			);
		};
/* End PBXProject section */

/* Begin PBXResourcesBuildPhase section */
		A96FB828292BD48B00874099 /* Resources */ = {
			isa = PBXResourcesBuildPhase;
			buildActionMask = 2147483647;
			files = (
				A96FB83A292BD48E00874099 /* LaunchScreen.storyboard in Resources */,
				A96FB837292BD48E00874099 /* Assets.xcassets in Resources */,
			);
			runOnlyForDeploymentPostprocessing = 0;
		};
/* End PBXResourcesBuildPhase section */

/* Begin PBXShellScriptBuildPhase section */
		3D084C6D710BC0835CD9F723 /* [CP] Embed Pods Frameworks */ = {
			isa = PBXShellScriptBuildPhase;
			buildActionMask = 2147483647;
			files = (
			);
			inputFileListPaths = (
				"${PODS_ROOT}/Target Support Files/Pods-GuesTheNumber/Pods-GuesTheNumber-frameworks-${CONFIGURATION}-input-files.xcfilelist",
			);
			name = "[CP] Embed Pods Frameworks";
			outputFileListPaths = (
				"${PODS_ROOT}/Target Support Files/Pods-GuesTheNumber/Pods-GuesTheNumber-frameworks-${CONFIGURATION}-output-files.xcfilelist",
			);
			runOnlyForDeploymentPostprocessing = 0;
			shellPath = /bin/sh;
			shellScript = "\"${PODS_ROOT}/Target Support Files/Pods-GuesTheNumber/Pods-GuesTheNumber-frameworks.sh\"\n";
			showEnvVarsInLog = 0;
		};
		A9CE13F856437F489BB8B6E1 /* [CP] Check Pods Manifest.lock */ = {
			isa = PBXShellScriptBuildPhase;
			buildActionMask = 2147483647;
			files = (
			);
			inputFileListPaths = (
			);
			inputPaths = (
				"${PODS_PODFILE_DIR_PATH}/Podfile.lock",
				"${PODS_ROOT}/Manifest.lock",
			);
			name = "[CP] Check Pods Manifest.lock";
			outputFileListPaths = (
			);
			outputPaths = (
				"$(DERIVED_FILE_DIR)/Pods-GuesTheNumber-checkManifestLockResult.txt",
			);
			runOnlyForDeploymentPostprocessing = 0;
			shellPath = /bin/sh;
			shellScript = "diff \"${PODS_PODFILE_DIR_PATH}/Podfile.lock\" \"${PODS_ROOT}/Manifest.lock\" > /dev/null\nif [ $? != 0 ] ; then\n    # print error to STDERR\n    echo \"error: The sandbox is not in sync with the Podfile.lock. Run 'pod install' or update your CocoaPods installation.\" >&2\n    exit 1\nfi\n# This output is used by Xcode 'outputs' to avoid re-running this script phase.\necho \"SUCCESS\" > \"${SCRIPT_OUTPUT_FILE_0}\"\n";
			showEnvVarsInLog = 0;
		};
/* End PBXShellScriptBuildPhase section */

/* Begin PBXSourcesBuildPhase section */
		A96FB826292BD48B00874099 /* Sources */ = {
			isa = PBXSourcesBuildPhase;
			buildActionMask = 2147483647;
			files = (
				A96FB85A292C008D00874099 /* EnterNumberPresenter.swift in Sources */,
				A96FB82E292BD48B00874099 /* AppDelegate.swift in Sources */,
				A96FB850292BED9500874099 /* MainCoordinator.swift in Sources */,
				A96FB85C292C01BF00874099 /* EnterNumberBuilder.swift in Sources */,
				A96FB862292CE55100874099 /* ComputerIsGuessigView.swift in Sources */,
				A96FB853292BEEDE00874099 /* EnterNumberViewController.swift in Sources */,
				A96FB830292BD48B00874099 /* SceneDelegate.swift in Sources */,
				A96FB860292CCABA00874099 /* ComputerIsGuessingViewController.swift in Sources */,
				A96FB858292BFF8200874099 /* EnterNumbersModels.swift in Sources */,
				A96FB84C292BDF4000874099 /* MainModels.swift in Sources */,
				A96FB84E292BE87900874099 /* MainScreenBuilder.swift in Sources */,
				A96FB856292BFC6700874099 /* EnterNumberView.swift in Sources */,
				A96FB843292BD5DD00874099 /* MainScreenViewController.swift in Sources */,
				A96FB846292BD5FD00874099 /* MainScreenView.swift in Sources */,
				A96FB848292BD61D00874099 /* MainScreenPresenter.swift in Sources */,
			);
			runOnlyForDeploymentPostprocessing = 0;
		};
/* End PBXSourcesBuildPhase section */

/* Begin PBXVariantGroup section */
		A96FB838292BD48E00874099 /* LaunchScreen.storyboard */ = {
			isa = PBXVariantGroup;
			children = (
				A96FB839292BD48E00874099 /* Base */,
			);
			name = LaunchScreen.storyboard;
			sourceTree = "<group>";
		};
/* End PBXVariantGroup section */

/* Begin XCBuildConfiguration section */
		A96FB83C292BD48E00874099 /* Debug */ = {
			isa = XCBuildConfiguration;
			buildSettings = {
				ALWAYS_SEARCH_USER_PATHS = NO;
				CLANG_ANALYZER_NONNULL = YES;
				CLANG_ANALYZER_NUMBER_OBJECT_CONVERSION = YES_AGGRESSIVE;
				CLANG_CXX_LANGUAGE_STANDARD = "gnu++17";
				CLANG_ENABLE_MODULES = YES;
				CLANG_ENABLE_OBJC_ARC = YES;
				CLANG_ENABLE_OBJC_WEAK = YES;
				CLANG_WARN_BLOCK_CAPTURE_AUTORELEASING = YES;
				CLANG_WARN_BOOL_CONVERSION = YES;
				CLANG_WARN_COMMA = YES;
				CLANG_WARN_CONSTANT_CONVERSION = YES;
				CLANG_WARN_DEPRECATED_OBJC_IMPLEMENTATIONS = YES;
				CLANG_WARN_DIRECT_OBJC_ISA_USAGE = YES_ERROR;
				CLANG_WARN_DOCUMENTATION_COMMENTS = YES;
				CLANG_WARN_EMPTY_BODY = YES;
				CLANG_WARN_ENUM_CONVERSION = YES;
				CLANG_WARN_INFINITE_RECURSION = YES;
				CLANG_WARN_INT_CONVERSION = YES;
				CLANG_WARN_NON_LITERAL_NULL_CONVERSION = YES;
				CLANG_WARN_OBJC_IMPLICIT_RETAIN_SELF = YES;
				CLANG_WARN_OBJC_LITERAL_CONVERSION = YES;
				CLANG_WARN_OBJC_ROOT_CLASS = YES_ERROR;
				CLANG_WARN_QUOTED_INCLUDE_IN_FRAMEWORK_HEADER = YES;
				CLANG_WARN_RANGE_LOOP_ANALYSIS = YES;
				CLANG_WARN_STRICT_PROTOTYPES = YES;
				CLANG_WARN_SUSPICIOUS_MOVE = YES;
				CLANG_WARN_UNGUARDED_AVAILABILITY = YES_AGGRESSIVE;
				CLANG_WARN_UNREACHABLE_CODE = YES;
				CLANG_WARN__DUPLICATE_METHOD_MATCH = YES;
				COPY_PHASE_STRIP = NO;
				DEBUG_INFORMATION_FORMAT = dwarf;
				ENABLE_STRICT_OBJC_MSGSEND = YES;
				ENABLE_TESTABILITY = YES;
				GCC_C_LANGUAGE_STANDARD = gnu11;
				GCC_DYNAMIC_NO_PIC = NO;
				GCC_NO_COMMON_BLOCKS = YES;
				GCC_OPTIMIZATION_LEVEL = 0;
				GCC_PREPROCESSOR_DEFINITIONS = (
					"DEBUG=1",
					"$(inherited)",
				);
				GCC_WARN_64_TO_32_BIT_CONVERSION = YES;
				GCC_WARN_ABOUT_RETURN_TYPE = YES_ERROR;
				GCC_WARN_UNDECLARED_SELECTOR = YES;
				GCC_WARN_UNINITIALIZED_AUTOS = YES_AGGRESSIVE;
				GCC_WARN_UNUSED_FUNCTION = YES;
				GCC_WARN_UNUSED_VARIABLE = YES;
				IPHONEOS_DEPLOYMENT_TARGET = 15.5;
				MTL_ENABLE_DEBUG_INFO = INCLUDE_SOURCE;
				MTL_FAST_MATH = YES;
				ONLY_ACTIVE_ARCH = YES;
				SDKROOT = iphoneos;
				SWIFT_ACTIVE_COMPILATION_CONDITIONS = DEBUG;
				SWIFT_OPTIMIZATION_LEVEL = "-Onone";
			};
			name = Debug;
		};
		A96FB83D292BD48E00874099 /* Release */ = {
			isa = XCBuildConfiguration;
			buildSettings = {
				ALWAYS_SEARCH_USER_PATHS = NO;
				CLANG_ANALYZER_NONNULL = YES;
				CLANG_ANALYZER_NUMBER_OBJECT_CONVERSION = YES_AGGRESSIVE;
				CLANG_CXX_LANGUAGE_STANDARD = "gnu++17";
				CLANG_ENABLE_MODULES = YES;
				CLANG_ENABLE_OBJC_ARC = YES;
				CLANG_ENABLE_OBJC_WEAK = YES;
				CLANG_WARN_BLOCK_CAPTURE_AUTORELEASING = YES;
				CLANG_WARN_BOOL_CONVERSION = YES;
				CLANG_WARN_COMMA = YES;
				CLANG_WARN_CONSTANT_CONVERSION = YES;
				CLANG_WARN_DEPRECATED_OBJC_IMPLEMENTATIONS = YES;
				CLANG_WARN_DIRECT_OBJC_ISA_USAGE = YES_ERROR;
				CLANG_WARN_DOCUMENTATION_COMMENTS = YES;
				CLANG_WARN_EMPTY_BODY = YES;
				CLANG_WARN_ENUM_CONVERSION = YES;
				CLANG_WARN_INFINITE_RECURSION = YES;
				CLANG_WARN_INT_CONVERSION = YES;
				CLANG_WARN_NON_LITERAL_NULL_CONVERSION = YES;
				CLANG_WARN_OBJC_IMPLICIT_RETAIN_SELF = YES;
				CLANG_WARN_OBJC_LITERAL_CONVERSION = YES;
				CLANG_WARN_OBJC_ROOT_CLASS = YES_ERROR;
				CLANG_WARN_QUOTED_INCLUDE_IN_FRAMEWORK_HEADER = YES;
				CLANG_WARN_RANGE_LOOP_ANALYSIS = YES;
				CLANG_WARN_STRICT_PROTOTYPES = YES;
				CLANG_WARN_SUSPICIOUS_MOVE = YES;
				CLANG_WARN_UNGUARDED_AVAILABILITY = YES_AGGRESSIVE;
				CLANG_WARN_UNREACHABLE_CODE = YES;
				CLANG_WARN__DUPLICATE_METHOD_MATCH = YES;
				COPY_PHASE_STRIP = NO;
				DEBUG_INFORMATION_FORMAT = "dwarf-with-dsym";
				ENABLE_NS_ASSERTIONS = NO;
				ENABLE_STRICT_OBJC_MSGSEND = YES;
				GCC_C_LANGUAGE_STANDARD = gnu11;
				GCC_NO_COMMON_BLOCKS = YES;
				GCC_WARN_64_TO_32_BIT_CONVERSION = YES;
				GCC_WARN_ABOUT_RETURN_TYPE = YES_ERROR;
				GCC_WARN_UNDECLARED_SELECTOR = YES;
				GCC_WARN_UNINITIALIZED_AUTOS = YES_AGGRESSIVE;
				GCC_WARN_UNUSED_FUNCTION = YES;
				GCC_WARN_UNUSED_VARIABLE = YES;
				IPHONEOS_DEPLOYMENT_TARGET = 15.5;
				MTL_ENABLE_DEBUG_INFO = NO;
				MTL_FAST_MATH = YES;
				SDKROOT = iphoneos;
				SWIFT_COMPILATION_MODE = wholemodule;
				SWIFT_OPTIMIZATION_LEVEL = "-O";
				VALIDATE_PRODUCT = YES;
			};
			name = Release;
		};
		A96FB83F292BD48E00874099 /* Debug */ = {
			isa = XCBuildConfiguration;
			baseConfigurationReference = F48F5C9C82561A48A05CCB04 /* Pods-GuesTheNumber.debug.xcconfig */;
			buildSettings = {
				ASSETCATALOG_COMPILER_APPICON_NAME = AppIcon;
				ASSETCATALOG_COMPILER_GLOBAL_ACCENT_COLOR_NAME = AccentColor;
				CODE_SIGN_STYLE = Automatic;
				CURRENT_PROJECT_VERSION = 1;
				DEVELOPMENT_TEAM = 73WF872FS5;
				GENERATE_INFOPLIST_FILE = YES;
				INFOPLIST_FILE = GuesTheNumber/Info.plist;
				INFOPLIST_KEY_UIApplicationSupportsIndirectInputEvents = YES;
				INFOPLIST_KEY_UILaunchStoryboardName = LaunchScreen;
				INFOPLIST_KEY_UISupportedInterfaceOrientations = "UIInterfaceOrientationPortrait UIInterfaceOrientationLandscapeLeft UIInterfaceOrientationLandscapeRight";
				INFOPLIST_KEY_UISupportedInterfaceOrientations_iPad = "UIInterfaceOrientationPortrait UIInterfaceOrientationPortraitUpsideDown UIInterfaceOrientationLandscapeLeft UIInterfaceOrientationLandscapeRight";
				INFOPLIST_KEY_UISupportedInterfaceOrientations_iPhone = "UIInterfaceOrientationPortrait UIInterfaceOrientationLandscapeLeft UIInterfaceOrientationLandscapeRight";
				LD_RUNPATH_SEARCH_PATHS = (
					"$(inherited)",
					"@executable_path/Frameworks",
				);
				MARKETING_VERSION = 1.0;
				PRODUCT_BUNDLE_IDENTIFIER = ann.iv.GuesTheNumber;
				PRODUCT_NAME = "$(TARGET_NAME)";
				SWIFT_EMIT_LOC_STRINGS = YES;
				SWIFT_VERSION = 5.0;
				TARGETED_DEVICE_FAMILY = 1;
			};
			name = Debug;
		};
		A96FB840292BD48E00874099 /* Release */ = {
			isa = XCBuildConfiguration;
			baseConfigurationReference = 467021E5AD885AFB71CA3BE6 /* Pods-GuesTheNumber.release.xcconfig */;
			buildSettings = {
				ASSETCATALOG_COMPILER_APPICON_NAME = AppIcon;
				ASSETCATALOG_COMPILER_GLOBAL_ACCENT_COLOR_NAME = AccentColor;
				CODE_SIGN_STYLE = Automatic;
				CURRENT_PROJECT_VERSION = 1;
				DEVELOPMENT_TEAM = 73WF872FS5;
				GENERATE_INFOPLIST_FILE = YES;
				INFOPLIST_FILE = GuesTheNumber/Info.plist;
				INFOPLIST_KEY_UIApplicationSupportsIndirectInputEvents = YES;
				INFOPLIST_KEY_UILaunchStoryboardName = LaunchScreen;
				INFOPLIST_KEY_UISupportedInterfaceOrientations = "UIInterfaceOrientationPortrait UIInterfaceOrientationLandscapeLeft UIInterfaceOrientationLandscapeRight";
				INFOPLIST_KEY_UISupportedInterfaceOrientations_iPad = "UIInterfaceOrientationPortrait UIInterfaceOrientationPortraitUpsideDown UIInterfaceOrientationLandscapeLeft UIInterfaceOrientationLandscapeRight";
				INFOPLIST_KEY_UISupportedInterfaceOrientations_iPhone = "UIInterfaceOrientationPortrait UIInterfaceOrientationLandscapeLeft UIInterfaceOrientationLandscapeRight";
				LD_RUNPATH_SEARCH_PATHS = (
					"$(inherited)",
					"@executable_path/Frameworks",
				);
				MARKETING_VERSION = 1.0;
				PRODUCT_BUNDLE_IDENTIFIER = ann.iv.GuesTheNumber;
				PRODUCT_NAME = "$(TARGET_NAME)";
				SWIFT_EMIT_LOC_STRINGS = YES;
				SWIFT_VERSION = 5.0;
				TARGETED_DEVICE_FAMILY = 1;
			};
			name = Release;
		};
/* End XCBuildConfiguration section */

/* Begin XCConfigurationList section */
		A96FB825292BD48B00874099 /* Build configuration list for PBXProject "GuesTheNumber" */ = {
			isa = XCConfigurationList;
			buildConfigurations = (
				A96FB83C292BD48E00874099 /* Debug */,
				A96FB83D292BD48E00874099 /* Release */,
			);
			defaultConfigurationIsVisible = 0;
			defaultConfigurationName = Release;
		};
		A96FB83E292BD48E00874099 /* Build configuration list for PBXNativeTarget "GuesTheNumber" */ = {
			isa = XCConfigurationList;
			buildConfigurations = (
				A96FB83F292BD48E00874099 /* Debug */,
				A96FB840292BD48E00874099 /* Release */,
			);
			defaultConfigurationIsVisible = 0;
			defaultConfigurationName = Release;
		};
/* End XCConfigurationList section */
	};
	rootObject = A96FB822292BD48B00874099 /* Project object */;
}
